// !$*UTF8*$!
{
	archiveVersion = 1;
	classes = {
	};
	objectVersion = 46;
	objects = {

/* Begin PBXBuildFile section */
		14B3E5901DDFB1870005C1EA /* AppDelegate.swift in Sources */ = {isa = PBXBuildFile; fileRef = 14B3E58F1DDFB1870005C1EA /* AppDelegate.swift */; };
		14B3E5921DDFB1870005C1EA /* ViewController.swift in Sources */ = {isa = PBXBuildFile; fileRef = 14B3E5911DDFB1870005C1EA /* ViewController.swift */; };
		14B3E5951DDFB1870005C1EA /* Main.storyboard in Resources */ = {isa = PBXBuildFile; fileRef = 14B3E5931DDFB1870005C1EA /* Main.storyboard */; };
		14B3E5981DDFB1870005C1EA /* pokedex3.xcdatamodeld in Sources */ = {isa = PBXBuildFile; fileRef = 14B3E5961DDFB1870005C1EA /* pokedex3.xcdatamodeld */; };
		14B3E59A1DDFB1870005C1EA /* Assets.xcassets in Resources */ = {isa = PBXBuildFile; fileRef = 14B3E5991DDFB1870005C1EA /* Assets.xcassets */; };
		14B3E59D1DDFB1870005C1EA /* LaunchScreen.storyboard in Resources */ = {isa = PBXBuildFile; fileRef = 14B3E59B1DDFB1870005C1EA /* LaunchScreen.storyboard */; };
		14B3E5A51DDFB4BA0005C1EA /* pokemon.csv in Resources */ = {isa = PBXBuildFile; fileRef = 14B3E5A41DDFB4BA0005C1EA /* pokemon.csv */; };
/* End PBXBuildFile section */

/* Begin PBXFileReference section */
		14B3E58C1DDFB1870005C1EA /* pokedex3.app */ = {isa = PBXFileReference; explicitFileType = wrapper.application; includeInIndex = 0; path = pokedex3.app; sourceTree = BUILT_PRODUCTS_DIR; };
		14B3E58F1DDFB1870005C1EA /* AppDelegate.swift */ = {isa = PBXFileReference; lastKnownFileType = sourcecode.swift; path = AppDelegate.swift; sourceTree = "<group>"; };
		14B3E5911DDFB1870005C1EA /* ViewController.swift */ = {isa = PBXFileReference; lastKnownFileType = sourcecode.swift; path = ViewController.swift; sourceTree = "<group>"; };
		14B3E5941DDFB1870005C1EA /* Base */ = {isa = PBXFileReference; lastKnownFileType = file.storyboard; name = Base; path = Base.lproj/Main.storyboard; sourceTree = "<group>"; };
		14B3E5971DDFB1870005C1EA /* pokedex3.xcdatamodel */ = {isa = PBXFileReference; lastKnownFileType = wrapper.xcdatamodel; path = pokedex3.xcdatamodel; sourceTree = "<group>"; };
		14B3E5991DDFB1870005C1EA /* Assets.xcassets */ = {isa = PBXFileReference; lastKnownFileType = folder.assetcatalog; path = Assets.xcassets; sourceTree = "<group>"; };
		14B3E59C1DDFB1870005C1EA /* Base */ = {isa = PBXFileReference; lastKnownFileType = file.storyboard; name = Base; path = Base.lproj/LaunchScreen.storyboard; sourceTree = "<group>"; };
		14B3E59E1DDFB1870005C1EA /* Info.plist */ = {isa = PBXFileReference; lastKnownFileType = text.plist.xml; path = Info.plist; sourceTree = "<group>"; };
		14B3E5A41DDFB4BA0005C1EA /* pokemon.csv */ = {isa = PBXFileReference; fileEncoding = 4; lastKnownFileType = text; path = pokemon.csv; sourceTree = "<group>"; };
/* End PBXFileReference section */

/* Begin PBXFrameworksBuildPhase section */
		14B3E5891DDFB1870005C1EA /* Frameworks */ = {
			isa = PBXFrameworksBuildPhase;
			buildActionMask = 2147483647;
			files = (
			);
			runOnlyForDeploymentPostprocessing = 0;
		};
/* End PBXFrameworksBuildPhase section */

/* Begin PBXGroup section */
		14B3E5831DDFB1870005C1EA = {
			isa = PBXGroup;
			children = (
				14B3E58E1DDFB1870005C1EA /* pokedex3 */,
				14B3E58D1DDFB1870005C1EA /* Products */,
			);
			sourceTree = "<group>";
		};
		14B3E58D1DDFB1870005C1EA /* Products */ = {
			isa = PBXGroup;
			children = (
				14B3E58C1DDFB1870005C1EA /* pokedex3.app */,
			);
			name = Products;
			sourceTree = "<group>";
		};
		14B3E58E1DDFB1870005C1EA /* pokedex3 */ = {
			isa = PBXGroup;
			children = (
				14B3E58F1DDFB1870005C1EA /* AppDelegate.swift */,
				14B3E5911DDFB1870005C1EA /* ViewController.swift */,
				14B3E5931DDFB1870005C1EA /* Main.storyboard */,
				14B3E5991DDFB1870005C1EA /* Assets.xcassets */,
				14B3E5A41DDFB4BA0005C1EA /* pokemon.csv */,
				14B3E59B1DDFB1870005C1EA /* LaunchScreen.storyboard */,
				14B3E59E1DDFB1870005C1EA /* Info.plist */,
				14B3E5961DDFB1870005C1EA /* pokedex3.xcdatamodeld */,
			);
			path = pokedex3;
			sourceTree = "<group>";
		};
/* End PBXGroup section */

/* Begin PBXNativeTarget section */
		14B3E58B1DDFB1870005C1EA /* pokedex3 */ = {
			isa = PBXNativeTarget;
			buildConfigurationList = 14B3E5A11DDFB1870005C1EA /* Build configuration list for PBXNativeTarget "pokedex3" */;
			buildPhases = (
				14B3E5881DDFB1870005C1EA /* Sources */,
				14B3E5891DDFB1870005C1EA /* Frameworks */,
				14B3E58A1DDFB1870005C1EA /* Resources */,
			);
			buildRules = (
			);
			dependencies = (
			);
			name = pokedex3;
			productName = pokedex3;
			productReference = 14B3E58C1DDFB1870005C1EA /* pokedex3.app */;
			productType = "com.apple.product-type.application";
		};
/* End PBXNativeTarget section */

/* Begin PBXProject section */
		14B3E5841DDFB1870005C1EA /* Project object */ = {
			isa = PBXProject;
			attributes = {
				LastSwiftUpdateCheck = 0800;
				LastUpgradeCheck = 0800;
				ORGANIZATIONNAME = "Brenda Faro";
				TargetAttributes = {
					14B3E58B1DDFB1870005C1EA = {
						CreatedOnToolsVersion = 8.0;
						ProvisioningStyle = Automatic;
					};
				};
			};
			buildConfigurationList = 14B3E5871DDFB1870005C1EA /* Build configuration list for PBXProject "pokedex3" */;
			compatibilityVersion = "Xcode 3.2";
			developmentRegion = English;
			hasScannedForEncodings = 0;
			knownRegions = (
				en,
				Base,
			);
			mainGroup = 14B3E5831DDFB1870005C1EA;
			productRefGroup = 14B3E58D1DDFB1870005C1EA /* Products */;
			projectDirPath = "";
			projectRoot = "";
			targets = (
				14B3E58B1DDFB1870005C1EA /* pokedex3 */,
			);
		};
/* End PBXProject section */

/* Begin PBXResourcesBuildPhase section */
		14B3E58A1DDFB1870005C1EA /* Resources */ = {
			isa = PBXResourcesBuildPhase;
			buildActionMask = 2147483647;
			files = (
				14B3E59D1DDFB1870005C1EA /* LaunchScreen.storyboard in Resources */,
				14B3E59A1DDFB1870005C1EA /* Assets.xcassets in Resources */,
				14B3E5A51DDFB4BA0005C1EA /* pokemon.csv in Resources */,
				14B3E5951DDFB1870005C1EA /* Main.storyboard in Resources */,
			);
			runOnlyForDeploymentPostprocessing = 0;
		};
/* End PBXResourcesBuildPhase section */

/* Begin PBXSourcesBuildPhase section */
		14B3E5881DDFB1870005C1EA /* Sources */ = {
			isa = PBXSourcesBuildPhase;
			buildActionMask = 2147483647;
			files = (
				14B3E5921DDFB1870005C1EA /* ViewController.swift in Sources */,
				14B3E5981DDFB1870005C1EA /* pokedex3.xcdatamodeld in Sources */,
				14B3E5901DDFB1870005C1EA /* AppDelegate.swift in Sources */,
			);
			runOnlyForDeploymentPostprocessing = 0;
		};
/* End PBXSourcesBuildPhase section */

/* Begin PBXVariantGroup section */
		14B3E5931DDFB1870005C1EA /* Main.storyboard */ = {
			isa = PBXVariantGroup;
			children = (
				14B3E5941DDFB1870005C1EA /* Base */,
			);
			name = Main.storyboard;
			sourceTree = "<group>";
		};
		14B3E59B1DDFB1870005C1EA /* LaunchScreen.storyboard */ = {
			isa = PBXVariantGroup;
			children = (
				14B3E59C1DDFB1870005C1EA /* Base */,
			);
			name = LaunchScreen.storyboard;
			sourceTree = "<group>";
		};
/* End PBXVariantGroup section */

/* Begin XCBuildConfiguration section */
		14B3E59F1DDFB1870005C1EA /* Debug */ = {
			isa = XCBuildConfiguration;
			buildSettings = {
				ALWAYS_SEARCH_USER_PATHS = NO;
				CLANG_ANALYZER_NONNULL = YES;
				CLANG_CXX_LANGUAGE_STANDARD = "gnu++0x";
				CLANG_CXX_LIBRARY = "libc++";
				CLANG_ENABLE_MODULES = YES;
				CLANG_ENABLE_OBJC_ARC = YES;
				CLANG_WARN_BOOL_CONVERSION = YES;
				CLANG_WARN_CONSTANT_CONVERSION = YES;
				CLANG_WARN_DIRECT_OBJC_ISA_USAGE = YES_ERROR;
				CLANG_WARN_DOCUMENTATION_COMMENTS = YES;
				CLANG_WARN_EMPTY_BODY = YES;
				CLANG_WARN_ENUM_CONVERSION = YES;
				CLANG_WARN_INFINITE_RECURSION = YES;
				CLANG_WARN_INT_CONVERSION = YES;
				CLANG_WARN_OBJC_ROOT_CLASS = YES_ERROR;
				CLANG_WARN_SUSPICIOUS_MOVES = YES;
				CLANG_WARN_UNREACHABLE_CODE = YES;
				CLANG_WARN__DUPLICATE_METHOD_MATCH = YES;
				"CODE_SIGN_IDENTITY[sdk=iphoneos*]" = "iPhone Developer";
				COPY_PHASE_STRIP = NO;
				DEBUG_INFORMATION_FORMAT = dwarf;
				ENABLE_STRICT_OBJC_MSGSEND = YES;
				ENABLE_TESTABILITY = YES;
				GCC_C_LANGUAGE_STANDARD = gnu99;
				GCC_DYNAMIC_NO_PIC = NO;
				GCC_NO_COMMON_BLOCKS = YES;
				GCC_OPTIMIZATION_LEVEL = 0;
				GCC_PREPROCESSOR_DEFINITIONS = (
					"DEBUG=1",
					"$(inherited)",
				);
				GCC_WARN_64_TO_32_BIT_CONVERSION = YES;
				GCC_WARN_ABOUT_RETURN_TYPE = YES_ERROR;
				GCC_WARN_UNDECLARED_SELECTOR = YES;
				GCC_WARN_UNINITIALIZED_AUTOS = YES_AGGRESSIVE;
				GCC_WARN_UNUSED_FUNCTION = YES;
				GCC_WARN_UNUSED_VARIABLE = YES;
				IPHONEOS_DEPLOYMENT_TARGET = 10.0;
				MTL_ENABLE_DEBUG_INFO = YES;
				ONLY_ACTIVE_ARCH = YES;
				SDKROOT = iphoneos;
				SWIFT_ACTIVE_COMPILATION_CONDITIONS = DEBUG;
				SWIFT_OPTIMIZATION_LEVEL = "-Onone";
				TARGETED_DEVICE_FAMILY = "1,2";
			};
			name = Debug;
		};
		14B3E5A01DDFB1870005C1EA /* Release */ = {
			isa = XCBuildConfiguration;
			buildSettings = {
				ALWAYS_SEARCH_USER_PATHS = NO;
				CLANG_ANALYZER_NONNULL = YES;
				CLANG_CXX_LANGUAGE_STANDARD = "gnu++0x";
				CLANG_CXX_LIBRARY = "libc++";
				CLANG_ENABLE_MODULES = YES;
				CLANG_ENABLE_OBJC_ARC = YES;
				CLANG_WARN_BOOL_CONVERSION = YES;
				CLANG_WARN_CONSTANT_CONVERSION = YES;
				CLANG_WARN_DIRECT_OBJC_ISA_USAGE = YES_ERROR;
				CLANG_WARN_DOCUMENTATION_COMMENTS = YES;
				CLANG_WARN_EMPTY_BODY = YES;
				CLANG_WARN_ENUM_CONVERSION = YES;
				CLANG_WARN_INFINITE_RECURSION = YES;
				CLANG_WARN_INT_CONVERSION = YES;
				CLANG_WARN_OBJC_ROOT_CLASS = YES_ERROR;
				CLANG_WARN_SUSPICIOUS_MOVES = YES;
				CLANG_WARN_UNREACHABLE_CODE = YES;
				CLANG_WARN__DUPLICATE_METHOD_MATCH = YES;
				"CODE_SIGN_IDENTITY[sdk=iphoneos*]" = "iPhone Developer";
				COPY_PHASE_STRIP = NO;
				DEBUG_INFORMATION_FORMAT = "dwarf-with-dsym";
				ENABLE_NS_ASSERTIONS = NO;
				ENABLE_STRICT_OBJC_MSGSEND = YES;
				GCC_C_LANGUAGE_STANDARD = gnu99;
				GCC_NO_COMMON_BLOCKS = YES;
				GCC_WARN_64_TO_32_BIT_CONVERSION = YES;
				GCC_WARN_ABOUT_RETURN_TYPE = YES_ERROR;
				GCC_WARN_UNDECLARED_SELECTOR = YES;
				GCC_WARN_UNINITIALIZED_AUTOS = YES_AGGRESSIVE;
				GCC_WARN_UNUSED_FUNCTION = YES;
				GCC_WARN_UNUSED_VARIABLE = YES;
				IPHONEOS_DEPLOYMENT_TARGET = 10.0;
				MTL_ENABLE_DEBUG_INFO = NO;
				SDKROOT = iphoneos;
				SWIFT_OPTIMIZATION_LEVEL = "-Owholemodule";
				TARGETED_DEVICE_FAMILY = "1,2";
				VALIDATE_PRODUCT = YES;
			};
			name = Release;
		};
		14B3E5A21DDFB1870005C1EA /* Debug */ = {
			isa = XCBuildConfiguration;
			buildSettings = {
				ASSETCATALOG_COMPILER_APPICON_NAME = AppIcon;
				INFOPLIST_FILE = pokedex3/Info.plist;
				LD_RUNPATH_SEARCH_PATHS = "$(inherited) @executable_path/Frameworks";
				PRODUCT_BUNDLE_IDENTIFIER = com.onemindapp.pokedex3;
				PRODUCT_NAME = "$(TARGET_NAME)";
				SWIFT_VERSION = 3.0;
			};
			name = Debug;
		};
		14B3E5A31DDFB1870005C1EA /* Release */ = {
			isa = XCBuildConfiguration;
			buildSettings = {
				ASSETCATALOG_COMPILER_APPICON_NAME = AppIcon;
				INFOPLIST_FILE = pokedex3/Info.plist;
				LD_RUNPATH_SEARCH_PATHS = "$(inherited) @executable_path/Frameworks";
				PRODUCT_BUNDLE_IDENTIFIER = com.onemindapp.pokedex3;
				PRODUCT_NAME = "$(TARGET_NAME)";
				SWIFT_VERSION = 3.0;
			};
			name = Release;
		};
/* End XCBuildConfiguration section */

/* Begin XCConfigurationList section */
		14B3E5871DDFB1870005C1EA /* Build configuration list for PBXProject "pokedex3" */ = {
			isa = XCConfigurationList;
			buildConfigurations = (
				14B3E59F1DDFB1870005C1EA /* Debug */,
				14B3E5A01DDFB1870005C1EA /* Release */,
			);
			defaultConfigurationIsVisible = 0;
			defaultConfigurationName = Release;
		};
		14B3E5A11DDFB1870005C1EA /* Build configuration list for PBXNativeTarget "pokedex3" */ = {
			isa = XCConfigurationList;
			buildConfigurations = (
				14B3E5A21DDFB1870005C1EA /* Debug */,
				14B3E5A31DDFB1870005C1EA /* Release */,
			);
			defaultConfigurationIsVisible = 0;
		};
/* End XCConfigurationList section */

/* Begin XCVersionGroup section */
		14B3E5961DDFB1870005C1EA /* pokedex3.xcdatamodeld */ = {
			isa = XCVersionGroup;
			children = (
				14B3E5971DDFB1870005C1EA /* pokedex3.xcdatamodel */,
			);
			currentVersion = 14B3E5971DDFB1870005C1EA /* pokedex3.xcdatamodel */;
			path = pokedex3.xcdatamodeld;
			sourceTree = "<group>";
			versionGroupType = wrapper.xcdatamodel;
		};
/* End XCVersionGroup section */
	};
	rootObject = 14B3E5841DDFB1870005C1EA /* Project object */;
}
